
Microsoft Visual Studio Solution File, Format Version 12.00
# Visual Studio 2012
Project("{FAE04EC0-301F-11D3-BF4B-00C04F79EFBC}") = "Geds.Parent.Guid.Lookup", "FH.Geds.Parent.Guid.Lookup\Geds.Parent.Guid.Lookup.csproj", "{11C020AA-FED2-4291-8D5C-047B8365BC4D}"
EndProject
Global
	GlobalSection(SolutionConfigurationPlatforms) = preSolution
		Debug|Any CPU = Debug|Any CPU
		Release|Any CPU = Release|Any CPU
	EndGlobalSection
	GlobalSection(ProjectConfigurationPlatforms) = postSolution
		{11C020AA-FED2-4291-8D5C-047B8365BC4D}.Debug|Any CPU.ActiveCfg = Debug|Any CPU
		{11C020AA-FED2-4291-8D5C-047B8365BC4D}.Debug|Any CPU.Build.0 = Debug|Any CPU
		{11C020AA-FED2-4291-8D5C-047B8365BC4D}.Release|Any CPU.ActiveCfg = Release|Any CPU
		{11C020AA-FED2-4291-8D5C-047B8365BC4D}.Release|Any CPU.Build.0 = Release|Any CPU
	EndGlobalSection
	GlobalSection(SolutionProperties) = preSolution
		HideSolutionNode = FALSE
	EndGlobalSection
EndGlobal
